
Microsoft Visual Studio Solution File, Format Version 12.00
# Visual Studio Version 17
VisualStudioVersion = 17.7.34202.233
MinimumVisualStudioVersion = 10.0.40219.1
Project("{FAE04EC0-301F-11D3-BF4B-00C04F79EFBC}") = "Woschinskaja_lab5_3", "Woschinskaja_lab5_3.csproj", "{175F3108-9991-4180-AEFB-3515327EE1C7}"
EndProject
Global
	GlobalSection(SolutionConfigurationPlatforms) = preSolution
		Debug|Any CPU = Debug|Any CPU
		Release|Any CPU = Release|Any CPU
	EndGlobalSection
	GlobalSection(ProjectConfigurationPlatforms) = postSolution
		{175F3108-9991-4180-AEFB-3515327EE1C7}.Debug|Any CPU.ActiveCfg = Debug|Any CPU
		{175F3108-9991-4180-AEFB-3515327EE1C7}.Debug|Any CPU.Build.0 = Debug|Any CPU
		{175F3108-9991-4180-AEFB-3515327EE1C7}.Release|Any CPU.ActiveCfg = Release|Any CPU
		{175F3108-9991-4180-AEFB-3515327EE1C7}.Release|Any CPU.Build.0 = Release|Any CPU
	EndGlobalSection
	GlobalSection(SolutionProperties) = preSolution
		HideSolutionNode = FALSE
	EndGlobalSection
	GlobalSection(ExtensibilityGlobals) = postSolution
		SolutionGuid = {3144594E-82F6-446E-B2CC-C446F512C891}
	EndGlobalSection
EndGlobal
